{
  "sources": {
    "apache2": {
      "locked_version": "1.6.6"
    },
    "database": {
      "locked_version": "1.4.0"
    },
    "mysql": {
      "locked_version": "3.0.2"
    },
    "openssl": {
      "locked_version": "1.0.2"
    },
    "php": {
      "locked_version": "1.2.2"
    },
    "owncloud": {
      "locked_version": "0.2.0"
    },
    "postfix": {
      "locked_version": "2.1.6"
    },
    "owncloud-testing": {
      "path": "./cookbooks/owncloud-testing"
    },
    "postgresql": {
      "locked_version": "3.0.4"
    },
    "apt": {
      "locked_version": "2.1.1"
    },
    "build-essential": {
      "locked_version": "1.4.2"
    },
    "aws": {
      "locked_version": "0.101.4"
    },
    "xfs": {
      "locked_version": "1.1.0"
    },
    "xml": {
      "locked_version": "1.1.2"
    },
    "nginx": {
      "locked_version": "1.8.0"
    },
    "yum": {
      "locked_version": "2.3.2"
    },
    "runit": {
      "locked_version": "1.2.0"
    },
    "ohai": {
      "locked_version": "1.1.12"
    },
    "php-fpm": {
      "locked_version": "0.4.6"
    },
    "rbenv": {
      "locked_version": "1.6.5"
    },
    "git": {
      "locked_version": "2.6.0"
    },
    "dmg": {
      "locked_version": "2.0.0"
    },
    "windows": {
      "locked_version": "1.10.0"
    },
    "chef_handler": {
      "locked_version": "1.1.4"
    }
  }
}
